
Microsoft Visual Studio Solution File, Format Version 12.00
# Visual Studio Version 17
VisualStudioVersion = 17.14.36518.9
MinimumVisualStudioVersion = 10.0.40219.1
Project("{FAE04EC0-301F-11D3-BF4B-00C04F79EFBC}") = "CrudMVC", "CrudMVC\CrudMVC.csproj", "{CAB24E34-15D3-4CFC-AAB3-EDA053631A16}"
EndProject
Global
	GlobalSection(SolutionConfigurationPlatforms) = preSolution
		Debug|Any CPU = Debug|Any CPU
		Release|Any CPU = Release|Any CPU
	EndGlobalSection
	GlobalSection(ProjectConfigurationPlatforms) = postSolution
		{CAB24E34-15D3-4CFC-AAB3-EDA053631A16}.Debug|Any CPU.ActiveCfg = Debug|Any CPU
		{CAB24E34-15D3-4CFC-AAB3-EDA053631A16}.Debug|Any CPU.Build.0 = Debug|Any CPU
		{CAB24E34-15D3-4CFC-AAB3-EDA053631A16}.Release|Any CPU.ActiveCfg = Release|Any CPU
		{CAB24E34-15D3-4CFC-AAB3-EDA053631A16}.Release|Any CPU.Build.0 = Release|Any CPU
	EndGlobalSection
	GlobalSection(SolutionProperties) = preSolution
		HideSolutionNode = FALSE
	EndGlobalSection
	GlobalSection(ExtensibilityGlobals) = postSolution
		SolutionGuid = {A0F2A9A3-D7EB-4FB5-9AFC-B5DB676BC8E8}
	EndGlobalSection
EndGlobal
